
Microsoft Visual Studio Solution File, Format Version 12.00
# Visual Studio 15
VisualStudioVersion = 15.0.28307.271
MinimumVisualStudioVersion = 10.0.40219.1
Project("{FAE04EC0-301F-11D3-BF4B-00C04F79EFBC}") = "FinalProject2", "FinalProject2\FinalProject2.csproj", "{0494DC99-BC11-4B24-A704-36E6D0BB8717}"
EndProject
Project("{FAE04EC0-301F-11D3-BF4B-00C04F79EFBC}") = "FinalProject2.Tests", "FinalProject2.Tests\FinalProject2.Tests.csproj", "{E3521AA8-D14C-4486-924C-1F6A08457343}"
EndProject
Project("{FAE04EC0-301F-11D3-BF4B-00C04F79EFBC}") = "BLL", "BLL\BLL.csproj", "{2C5030BB-CE77-4572-8345-2FDAE5EA2C2F}"
EndProject
Project("{FAE04EC0-301F-11D3-BF4B-00C04F79EFBC}") = "Entities", "Entities\Entities.csproj", "{BEBE2F3E-EFB1-4331-90FF-006AAA4D4331}"
EndProject
Project("{FAE04EC0-301F-11D3-BF4B-00C04F79EFBC}") = "DAL", "DAL\DAL.csproj", "{EBCB9A4E-5D92-4B23-B390-86A3498A256F}"
EndProject
Global
	GlobalSection(SolutionConfigurationPlatforms) = preSolution
		Debug|Any CPU = Debug|Any CPU
		Release|Any CPU = Release|Any CPU
	EndGlobalSection
	GlobalSection(ProjectConfigurationPlatforms) = postSolution
		{0494DC99-BC11-4B24-A704-36E6D0BB8717}.Debug|Any CPU.ActiveCfg = Debug|Any CPU
		{0494DC99-BC11-4B24-A704-36E6D0BB8717}.Debug|Any CPU.Build.0 = Debug|Any CPU
		{0494DC99-BC11-4B24-A704-36E6D0BB8717}.Release|Any CPU.ActiveCfg = Release|Any CPU
		{0494DC99-BC11-4B24-A704-36E6D0BB8717}.Release|Any CPU.Build.0 = Release|Any CPU
		{E3521AA8-D14C-4486-924C-1F6A08457343}.Debug|Any CPU.ActiveCfg = Debug|Any CPU
		{E3521AA8-D14C-4486-924C-1F6A08457343}.Debug|Any CPU.Build.0 = Debug|Any CPU
		{E3521AA8-D14C-4486-924C-1F6A08457343}.Release|Any CPU.ActiveCfg = Release|Any CPU
		{E3521AA8-D14C-4486-924C-1F6A08457343}.Release|Any CPU.Build.0 = Release|Any CPU
		{2C5030BB-CE77-4572-8345-2FDAE5EA2C2F}.Debug|Any CPU.ActiveCfg = Debug|Any CPU
		{2C5030BB-CE77-4572-8345-2FDAE5EA2C2F}.Debug|Any CPU.Build.0 = Debug|Any CPU
		{2C5030BB-CE77-4572-8345-2FDAE5EA2C2F}.Release|Any CPU.ActiveCfg = Release|Any CPU
		{2C5030BB-CE77-4572-8345-2FDAE5EA2C2F}.Release|Any CPU.Build.0 = Release|Any CPU
		{BEBE2F3E-EFB1-4331-90FF-006AAA4D4331}.Debug|Any CPU.ActiveCfg = Debug|Any CPU
		{BEBE2F3E-EFB1-4331-90FF-006AAA4D4331}.Debug|Any CPU.Build.0 = Debug|Any CPU
		{BEBE2F3E-EFB1-4331-90FF-006AAA4D4331}.Release|Any CPU.ActiveCfg = Release|Any CPU
		{BEBE2F3E-EFB1-4331-90FF-006AAA4D4331}.Release|Any CPU.Build.0 = Release|Any CPU
		{EBCB9A4E-5D92-4B23-B390-86A3498A256F}.Debug|Any CPU.ActiveCfg = Debug|Any CPU
		{EBCB9A4E-5D92-4B23-B390-86A3498A256F}.Debug|Any CPU.Build.0 = Debug|Any CPU
		{EBCB9A4E-5D92-4B23-B390-86A3498A256F}.Release|Any CPU.ActiveCfg = Release|Any CPU
		{EBCB9A4E-5D92-4B23-B390-86A3498A256F}.Release|Any CPU.Build.0 = Release|Any CPU
	EndGlobalSection
	GlobalSection(SolutionProperties) = preSolution
		HideSolutionNode = FALSE
	EndGlobalSection
	GlobalSection(ExtensibilityGlobals) = postSolution
		SolutionGuid = {D7B45FD1-A41A-4A1E-834F-8571A30A5B06}
	EndGlobalSection
EndGlobal
